
Microsoft Visual Studio Solution File, Format Version 12.00
# Visual Studio Version 16
VisualStudioVersion = 16.0.28729.10
MinimumVisualStudioVersion = 10.0.40219.1
Project("{8BC9CEB8-8B4A-11D0-8D11-00A0C91BC942}") = "CopyConstructor", "CopyConstructor\CopyConstructor.vcxproj", "{BF04E36E-B044-43B9-874B-3239B3067980}"
EndProject
Project("{8BC9CEB8-8B4A-11D0-8D11-00A0C91BC942}") = "DeepCopyConstructor", "DeepCopyConstructor\DeepCopyConstructor.vcxproj", "{77E8F772-D9E5-4F1B-AA1F-E54BBE447AB7}"
EndProject
Global
	GlobalSection(SolutionConfigurationPlatforms) = preSolution
		Debug|x64 = Debug|x64
		Debug|x86 = Debug|x86
		Release|x64 = Release|x64
		Release|x86 = Release|x86
	EndGlobalSection
	GlobalSection(ProjectConfigurationPlatforms) = postSolution
		{BF04E36E-B044-43B9-874B-3239B3067980}.Debug|x64.ActiveCfg = Debug|x64
		{BF04E36E-B044-43B9-874B-3239B3067980}.Debug|x64.Build.0 = Debug|x64
		{BF04E36E-B044-43B9-874B-3239B3067980}.Debug|x86.ActiveCfg = Debug|Win32
		{BF04E36E-B044-43B9-874B-3239B3067980}.Debug|x86.Build.0 = Debug|Win32
		{BF04E36E-B044-43B9-874B-3239B3067980}.Release|x64.ActiveCfg = Release|x64
		{BF04E36E-B044-43B9-874B-3239B3067980}.Release|x64.Build.0 = Release|x64
		{BF04E36E-B044-43B9-874B-3239B3067980}.Release|x86.ActiveCfg = Release|Win32
		{BF04E36E-B044-43B9-874B-3239B3067980}.Release|x86.Build.0 = Release|Win32
		{77E8F772-D9E5-4F1B-AA1F-E54BBE447AB7}.Debug|x64.ActiveCfg = Debug|x64
		{77E8F772-D9E5-4F1B-AA1F-E54BBE447AB7}.Debug|x64.Build.0 = Debug|x64
		{77E8F772-D9E5-4F1B-AA1F-E54BBE447AB7}.Debug|x86.ActiveCfg = Debug|Win32
		{77E8F772-D9E5-4F1B-AA1F-E54BBE447AB7}.Debug|x86.Build.0 = Debug|Win32
		{77E8F772-D9E5-4F1B-AA1F-E54BBE447AB7}.Release|x64.ActiveCfg = Release|x64
		{77E8F772-D9E5-4F1B-AA1F-E54BBE447AB7}.Release|x64.Build.0 = Release|x64
		{77E8F772-D9E5-4F1B-AA1F-E54BBE447AB7}.Release|x86.ActiveCfg = Release|Win32
		{77E8F772-D9E5-4F1B-AA1F-E54BBE447AB7}.Release|x86.Build.0 = Release|Win32
	EndGlobalSection
	GlobalSection(SolutionProperties) = preSolution
		HideSolutionNode = FALSE
	EndGlobalSection
	GlobalSection(ExtensibilityGlobals) = postSolution
		SolutionGuid = {EDA36119-28DE-4837-940C-F09D3017B55D}
	EndGlobalSection
EndGlobal
